
Microsoft Visual Studio Solution File, Format Version 12.00
# Visual Studio Version 16
VisualStudioVersion = 16.0.30611.23
MinimumVisualStudioVersion = 10.0.40219.1
Project("{FAE04EC0-301F-11D3-BF4B-00C04F79EFBC}") = "Buteanu_Andrei_Proiect", "Buteanu_Andrei_Proiect.csproj", "{32CF0D42-1850-4988-AA91-259DA817E29D}"
EndProject
Global
	GlobalSection(SolutionConfigurationPlatforms) = preSolution
		Debug|Any CPU = Debug|Any CPU
		Release|Any CPU = Release|Any CPU
	EndGlobalSection
	GlobalSection(ProjectConfigurationPlatforms) = postSolution
		{32CF0D42-1850-4988-AA91-259DA817E29D}.Debug|Any CPU.ActiveCfg = Debug|Any CPU
		{32CF0D42-1850-4988-AA91-259DA817E29D}.Debug|Any CPU.Build.0 = Debug|Any CPU
		{32CF0D42-1850-4988-AA91-259DA817E29D}.Release|Any CPU.ActiveCfg = Release|Any CPU
		{32CF0D42-1850-4988-AA91-259DA817E29D}.Release|Any CPU.Build.0 = Release|Any CPU
	EndGlobalSection
	GlobalSection(SolutionProperties) = preSolution
		HideSolutionNode = FALSE
	EndGlobalSection
	GlobalSection(ExtensibilityGlobals) = postSolution
		SolutionGuid = {4C6ED91F-9A4F-4804-BDB0-C5175E639C05}
	EndGlobalSection
EndGlobal
